
Microsoft Visual Studio Solution File, Format Version 12.00
# Visual Studio 15
VisualStudioVersion = 15.0.27703.2042
MinimumVisualStudioVersion = 10.0.40219.1
Project("{FAE04EC0-301F-11D3-BF4B-00C04F79EFBC}") = "API BancoPessoa", "API BancoPessoa\API BancoPessoa.csproj", "{37E22B9C-D712-4D9C-975B-88DF3891A15D}"
EndProject
Global
	GlobalSection(SolutionConfigurationPlatforms) = preSolution
		Debug|Any CPU = Debug|Any CPU
		Release|Any CPU = Release|Any CPU
	EndGlobalSection
	GlobalSection(ProjectConfigurationPlatforms) = postSolution
		{37E22B9C-D712-4D9C-975B-88DF3891A15D}.Debug|Any CPU.ActiveCfg = Debug|Any CPU
		{37E22B9C-D712-4D9C-975B-88DF3891A15D}.Debug|Any CPU.Build.0 = Debug|Any CPU
		{37E22B9C-D712-4D9C-975B-88DF3891A15D}.Release|Any CPU.ActiveCfg = Release|Any CPU
		{37E22B9C-D712-4D9C-975B-88DF3891A15D}.Release|Any CPU.Build.0 = Release|Any CPU
	EndGlobalSection
	GlobalSection(SolutionProperties) = preSolution
		HideSolutionNode = FALSE
	EndGlobalSection
	GlobalSection(ExtensibilityGlobals) = postSolution
		SolutionGuid = {5332D0E9-65BB-4AFC-BEA1-1C266BD82E02}
	EndGlobalSection
EndGlobal
